
Microsoft Visual Studio Solution File, Format Version 12.00
# Visual Studio Version 17
VisualStudioVersion = 17.11.35208.52
MinimumVisualStudioVersion = 10.0.40219.1
Project("{FAE04EC0-301F-11D3-BF4B-00C04F79EFBC}") = "NewsReader", "NewsReader\NewsReader.csproj", "{CBA3A617-D9B1-48BE-B646-05D6FA2021C2}"
EndProject
Global
	GlobalSection(SolutionConfigurationPlatforms) = preSolution
		Debug|Any CPU = Debug|Any CPU
		Release|Any CPU = Release|Any CPU
	EndGlobalSection
	GlobalSection(ProjectConfigurationPlatforms) = postSolution
		{CBA3A617-D9B1-48BE-B646-05D6FA2021C2}.Debug|Any CPU.ActiveCfg = Debug|Any CPU
		{CBA3A617-D9B1-48BE-B646-05D6FA2021C2}.Debug|Any CPU.Build.0 = Debug|Any CPU
		{CBA3A617-D9B1-48BE-B646-05D6FA2021C2}.Release|Any CPU.ActiveCfg = Release|Any CPU
		{CBA3A617-D9B1-48BE-B646-05D6FA2021C2}.Release|Any CPU.Build.0 = Release|Any CPU
	EndGlobalSection
	GlobalSection(SolutionProperties) = preSolution
		HideSolutionNode = FALSE
	EndGlobalSection
	GlobalSection(ExtensibilityGlobals) = postSolution
		SolutionGuid = {0C2F6483-1EBB-4097-8502-E24D5B436363}
	EndGlobalSection
EndGlobal
